{
  "lockfileVersion": 1,
  "configVersion": 1,
  "workspaces": {
    "": {
      "name": "skill-issue",
      "devDependencies": {
        "lefthook": "2.1.8",
        "oxfmt": "^0.52.0",
        "oxlint": "^1.64.0",
      },
    },
  },
  "packages": {
    "@oxfmt/binding-android-arm-eabi": ["@oxfmt/binding-android-arm-eabi@0.52.0", "", { "os": "android", "cpu": "arm" }, "sha512-17EMSJnQ9g+upVHrAUYDMfH5lvRKQ9Nvg8WtEoH72oDr1VpWz+7/o3tD97U1EToen2YAQ/68JmtDYkQUi20dfQ=="],

    "@oxfmt/binding-android-arm64": ["@oxfmt/binding-android-arm64@0.52.0", "", { "os": "android", "cpu": "arm64" }, "sha512-A2G1IdwGEW2lLJkIxcvuirRH1CzSl/e0NX11zTlW1gvxJThfwbI/BEoaKrTNpm7M2FchvIf6guvIQU7d5iz+OQ=="],

    "@oxfmt/binding-darwin-arm64": ["@oxfmt/binding-darwin-arm64@0.52.0", "", { "os": "darwin", "cpu": "arm64" }, "sha512-f9+bLvOYxy7NttCLFTvQ7afmqDOWY4wIP9xdvfj5trQ1qj6f2UFAGwZESlfsMjvJNTyRpXfIlOanCI9FOvoeQA=="],

    "@oxfmt/binding-darwin-x64": ["@oxfmt/binding-darwin-x64@0.52.0", "", { "os": "darwin", "cpu": "x64" }, "sha512-YSTB9sJ5nnQd/Q0ddHkgof0ZCHPAnWZT1IW2SJ8omz7CP7KluJhO1fNHrpqdxCtpztJwSs4hY1uAee35wKxxaw=="],

    "@oxfmt/binding-freebsd-x64": ["@oxfmt/binding-freebsd-x64@0.52.0", "", { "os": "freebsd", "cpu": "x64" }, "sha512-NIrRNTTPCs4UbmVs0bxLSCDlLCtIRMJIXklNKaXa5Oj2/K1UIMBvgE8+uPVo01Io3N9HF0+GAX+aAHjUgZS7vA=="],

    "@oxfmt/binding-linux-arm-gnueabihf": ["@oxfmt/binding-linux-arm-gnueabihf@0.52.0", "", { "os": "linux", "cpu": "arm" }, "sha512-JXUCde8mn3GpgQouz2PXUokgy/uT1QrRJBL2s983VWcSQp62wTFYiNXgTKdeo1Jgbr0IgUnKKvzIk/YBlj/nVQ=="],

    "@oxfmt/binding-linux-arm-musleabihf": ["@oxfmt/binding-linux-arm-musleabihf@0.52.0", "", { "os": "linux", "cpu": "arm" }, "sha512-psbUXaRZ+V8DaXz10Qf7LSHtdtdKAmC8fxXgeU608jjzrmWK4quamZMOpl6sf+dikoFHA85uE93Q0BqxrCdQrQ=="],

    "@oxfmt/binding-linux-arm64-gnu": ["@oxfmt/binding-linux-arm64-gnu@0.52.0", "", { "os": "linux", "cpu": "arm64" }, "sha512-Jw7MgWUU9lcLCcy82updISP3EthTlfvAwR6gWNxPzqly7+fLvOi2gHQE9xXQjpqaVLm/8P+gOzlv9ODuoVlaaw=="],

    "@oxfmt/binding-linux-arm64-musl": ["@oxfmt/binding-linux-arm64-musl@0.52.0", "", { "os": "linux", "cpu": "arm64" }, "sha512-wZg6bLjDvh2KibyI3QFUYo8GTXneIFsd0JvehtvJiUmQ8WRPERgxd/VM4ctWb86U5FT1FkqgS8/wZKVB+AZScg=="],

    "@oxfmt/binding-linux-ppc64-gnu": ["@oxfmt/binding-linux-ppc64-gnu@0.52.0", "", { "os": "linux", "cpu": "ppc64" }, "sha512-IngE8uxhNvxcMrLjZNDo9xNLY7rEK33AKnaMd2B46he1e/mz2CfcW6If/U1wUjdRZddm1QzQaciqZkuMkdh1FA=="],

    "@oxfmt/binding-linux-riscv64-gnu": ["@oxfmt/binding-linux-riscv64-gnu@0.52.0", "", { "os": "linux", "cpu": "none" }, "sha512-H3+DdFMv/efN3Efmhsv18jDrpiWWqKG7wsfAlQBqAt6z/E2Bx+TwEj2Nowe51CPOWB8/mFBC2dAMSgVFLvvowA=="],

    "@oxfmt/binding-linux-riscv64-musl": ["@oxfmt/binding-linux-riscv64-musl@0.52.0", "", { "os": "linux", "cpu": "none" }, "sha512-zji+1kb7lJKohSDjzC1IsS+K/cKRs1hdVf0ZH0VbdbiakmtLvN9twBoXo/k8VdjFax7kfo+DyPxS7vv52br1aw=="],

    "@oxfmt/binding-linux-s390x-gnu": ["@oxfmt/binding-linux-s390x-gnu@0.52.0", "", { "os": "linux", "cpu": "s390x" }, "sha512-hcLBYedpCy7ToUvvBidWk7+11Yhg1oAZ4+6hKPic/mQI6NaqXJSXMps5nFlwUuX2ewhtLZZDPg63TI042qGKBg=="],

    "@oxfmt/binding-linux-x64-gnu": ["@oxfmt/binding-linux-x64-gnu@0.52.0", "", { "os": "linux", "cpu": "x64" }, "sha512-IDO2loXK2OtTOhSPchU9MW25mWL2QCDGdJbjN8MXKZVS80qXe5gMTwQWu/gMJ3juoBHbkuUZNB2N1LHzNT7DoA=="],

    "@oxfmt/binding-linux-x64-musl": ["@oxfmt/binding-linux-x64-musl@0.52.0", "", { "os": "linux", "cpu": "x64" }, "sha512-mAV2Hjn0SatJ+KoAzKUC3eJhdJ8wv+3m1KyuS0dTsbF0c5weq+QrCt/DRZZM+uj/XiKzCDEUKYsBF30e2qkcyw=="],

    "@oxfmt/binding-openharmony-arm64": ["@oxfmt/binding-openharmony-arm64@0.52.0", "", { "os": "none", "cpu": "arm64" }, "sha512-vd4npaUIwChxp7XzkqmepBWTT9YMcSe/NBApVGPC30/lLyOVaV3dvma1SKo03t8O73BPRAG7EyJzGlN5cJM5hQ=="],

    "@oxfmt/binding-win32-arm64-msvc": ["@oxfmt/binding-win32-arm64-msvc@0.52.0", "", { "os": "win32", "cpu": "arm64" }, "sha512-k2sz6gWQdMfh5HPpIS+Bw/0UEV/kaK2xuqJRrWL233sEHx9WLlsmvlPFM4HUNThkYbSN0U0vPW7LVKZWDS8hPQ=="],

    "@oxfmt/binding-win32-ia32-msvc": ["@oxfmt/binding-win32-ia32-msvc@0.52.0", "", { "os": "win32", "cpu": "ia32" }, "sha512-rhke69GTcArodLHpjMTfNnvjTEBryDeZcUCKK/VjXDMtfTULl6QRh0ymX5/hbCUv2WjYm9h/QbW++q2vE15gWQ=="],

    "@oxfmt/binding-win32-x64-msvc": ["@oxfmt/binding-win32-x64-msvc@0.52.0", "", { "os": "win32", "cpu": "x64" }, "sha512-q5xL7oeXkZdEtNZWBdvehJcmt+GRu9l2bK40yJs1jJXlqq+r0Hygb1rTjq+FM2o/2xyt4cufH6KRplHp3Jjsvw=="],

    "@oxlint/binding-android-arm-eabi": ["@oxlint/binding-android-arm-eabi@1.64.0", "", { "os": "android", "cpu": "arm" }, "sha512-2r6Nq3XXGLHEXKkSj8JtmJ6N4gDw431DPFOg0ZoJHlNjnG6HVMm/ksQ10m0HJ8WBvwgMe1L50UHPaYZutCRPCw=="],

    "@oxlint/binding-android-arm64": ["@oxlint/binding-android-arm64@1.64.0", "", { "os": "android", "cpu": "arm64" }, "sha512-ePJMpePgg7fBv+L/hVx1xXRU5/5gd5m0obLA6hPEfLXF3GjpR8idIDbY1dhQYhyz1ms2wdTccSboo6KEd2Oxtg=="],

    "@oxlint/binding-darwin-arm64": ["@oxlint/binding-darwin-arm64@1.64.0", "", { "os": "darwin", "cpu": "arm64" }, "sha512-U4DMLQd10gJLuoSTLSGbfv3bGjTlUNsScm9Dgb8wwBqmCzidf1pE1pXV4doGNxqwH3KtVng1AGTINA0NvkGLvQ=="],

    "@oxlint/binding-darwin-x64": ["@oxlint/binding-darwin-x64@1.64.0", "", { "os": "darwin", "cpu": "x64" }, "sha512-GoRIL48QWm4/TAvjN8pB1nAG+1/uqc9EdnWT9zqHeb6wsmjZtywj8VRe5aGW47Fdb64YtLOsdLqVxOvQuz98Wg=="],

    "@oxlint/binding-freebsd-x64": ["@oxlint/binding-freebsd-x64@1.64.0", "", { "os": "freebsd", "cpu": "x64" }, "sha512-5dFkv4tkg7PxJJGS9/OjrJwjhuHczrd3OQOkRE0wHcLM+ncUnULtzEPWjqGOxTXxZnLWcB91bGiIznx89TVXyQ=="],

    "@oxlint/binding-linux-arm-gnueabihf": ["@oxlint/binding-linux-arm-gnueabihf@1.64.0", "", { "os": "linux", "cpu": "arm" }, "sha512-jsBqMLl/uOL5+Kq/+BtK9FrmiNGUbx8SiyZXv+WlUxA45KuwcLu9BfiSIL3I3DBDgWM3yZizDITnTK9BcqNBQg=="],

    "@oxlint/binding-linux-arm-musleabihf": ["@oxlint/binding-linux-arm-musleabihf@1.64.0", "", { "os": "linux", "cpu": "arm" }, "sha512-1lrj8At/Uuc9GhjrVFBQo0NEjfBrTkzpmtHIGAhNnIXqn1CAyGL+qrztUsXb2GIluJrpl9Q7qRLJOb/NqydacQ=="],

    "@oxlint/binding-linux-arm64-gnu": ["@oxlint/binding-linux-arm64-gnu@1.64.0", "", { "os": "linux", "cpu": "arm64" }, "sha512-HpSQbubwh03mMhAdy2BYtad/fsY8vDFHDAb6bUwuCYg2VD3xCQgn6ArKcO0oZyLCheacKTv4PrF3Mfu5hgoE2g=="],

    "@oxlint/binding-linux-arm64-musl": ["@oxlint/binding-linux-arm64-musl@1.64.0", "", { "os": "linux", "cpu": "arm64" }, "sha512-00QQ0h0Y7u0G69BgiH3+ky2aaq/QvkDL6DYok8htIuJHxybiux5aQ8jwmg8qIk9wha6UagUP2BAwAzbemcJbpg=="],

    "@oxlint/binding-linux-ppc64-gnu": ["@oxlint/binding-linux-ppc64-gnu@1.64.0", "", { "os": "linux", "cpu": "ppc64" }, "sha512-2GaimTV6EMW+s5HS0An3oGbQme3BgHswvfVdGk3EB57Xe9+/gyT+Qd7lNVzb3rtir52vbIPzXfaYArzs5b5zcw=="],

    "@oxlint/binding-linux-riscv64-gnu": ["@oxlint/binding-linux-riscv64-gnu@1.64.0", "", { "os": "linux", "cpu": "none" }, "sha512-H46AtFb9wypjoVwGdlxrm0DsD809NGmtiK9HiyPKTxkSte2YjhC4S+00rOIrwCaxcyPiGid3Y3OMXp5KMAkGZw=="],

    "@oxlint/binding-linux-riscv64-musl": ["@oxlint/binding-linux-riscv64-musl@1.64.0", "", { "os": "linux", "cpu": "none" }, "sha512-HEgsidjjvvyzdg82icYkuFCf7REDV7B9JFwbIMbVwrKLBY0MrXX+bku3POn/hduZ2yW91IyVDUMq0Bf02KwXQw=="],

    "@oxlint/binding-linux-s390x-gnu": ["@oxlint/binding-linux-s390x-gnu@1.64.0", "", { "os": "linux", "cpu": "s390x" }, "sha512-Axvm8qryotmKN00P5w4JapaSjvP2LOSbdbBJiX+2SuHd3QzhW7TUc8skqgw+ahQZ5DmzEYeHCqauvW8f32Ns6Q=="],

    "@oxlint/binding-linux-x64-gnu": ["@oxlint/binding-linux-x64-gnu@1.64.0", "", { "os": "linux", "cpu": "x64" }, "sha512-cR60vSd7+m+KRZ3GQGfDxWwahW5RMXg0qlGvAluZr0fTUYvw0H9N9AXAF/M/PMqgytyqvVNmBAkJG9l7U30Y1g=="],

    "@oxlint/binding-linux-x64-musl": ["@oxlint/binding-linux-x64-musl@1.64.0", "", { "os": "linux", "cpu": "x64" }, "sha512-2u/aPZ9pEg7HnvZPDsHxUGNnrpr4qaHi+mCgLgpt+LYRzPrS4Px4wPfkIdRdr2GvKnaYyt+XSlto0Vm5sbStTg=="],

    "@oxlint/binding-openharmony-arm64": ["@oxlint/binding-openharmony-arm64@1.64.0", "", { "os": "none", "cpu": "arm64" }, "sha512-kfhkGfCdoXLSxEkrhDlJrvBYajGmq+ma4EMc53dsOWTq+rIBOlI0vTBmpZNnM5oH2LY/K/w1HAK+UQEgjgpVUg=="],

    "@oxlint/binding-win32-arm64-msvc": ["@oxlint/binding-win32-arm64-msvc@1.64.0", "", { "os": "win32", "cpu": "arm64" }, "sha512-r/cNKBFieONoVu2bb1KkVouq9W+edDUgHumXJGphCRRj+U0xaD4nanrw8ZOqo0IsutPkEM4vCcGBpak6x5aXMg=="],

    "@oxlint/binding-win32-ia32-msvc": ["@oxlint/binding-win32-ia32-msvc@1.64.0", "", { "os": "win32", "cpu": "ia32" }, "sha512-tUw0xUUwEFVZbpJoeCblkv8SJA4Xz3CdXCJbAnBsiNLyxDrk2tLcxEAS6M73Q7hHHDg3OtwI8vZVK3t5RJt4Gw=="],

    "@oxlint/binding-win32-x64-msvc": ["@oxlint/binding-win32-x64-msvc@1.64.0", "", { "os": "win32", "cpu": "x64" }, "sha512-9CBR+LO0JVST87fNTzzNxS5I29jIUO5gxT9i9+M3SDHHALElj9sY1Prf12tad3vIRC6OD7Ehtvvh+sn13vSwHw=="],

    "lefthook": ["lefthook@2.1.8", "", { "optionalDependencies": { "lefthook-darwin-arm64": "2.1.8", "lefthook-darwin-x64": "2.1.8", "lefthook-freebsd-arm64": "2.1.8", "lefthook-freebsd-x64": "2.1.8", "lefthook-linux-arm64": "2.1.8", "lefthook-linux-x64": "2.1.8", "lefthook-openbsd-arm64": "2.1.8", "lefthook-openbsd-x64": "2.1.8", "lefthook-windows-arm64": "2.1.8", "lefthook-windows-x64": "2.1.8" }, "bin": { "lefthook": "bin/index.js" } }, "sha512-tJIoVpFF52PuU8YPJI9bRprGwzI6FR2GNeBbpMnXdRjjfJHyOR4VRLXilzoQ6lbhKVHfTohXhrQgLpU41bKITg=="],

    "lefthook-darwin-arm64": ["lefthook-darwin-arm64@2.1.8", "", { "os": "darwin", "cpu": "arm64" }, "sha512-6dZr2QUdJOOvy9FjQHZoFVfPjgxb9IH5f9DeU0OBYMQ0cUGvb5YjHnkUkRrWIlASmwFm1bk3OPwhqKU7pTsICw=="],

    "lefthook-darwin-x64": ["lefthook-darwin-x64@2.1.8", "", { "os": "darwin", "cpu": "x64" }, "sha512-DW1yc+W5RBHdwaPJ94/mwFNROmNHI8Osu0iziIeJFXJIdkQ2P+KHfoxBWejYd2QA2Eu5W9i+gBssTDkJ4kX2kA=="],

    "lefthook-freebsd-arm64": ["lefthook-freebsd-arm64@2.1.8", "", { "os": "freebsd", "cpu": "arm64" }, "sha512-rmWVdImTihY/V1bLSb3zeDxEHjRBQtudnkKKsoph934enIWPwzIap5zVHHAj8q9mzp0wpn5r1ybX55aO2wM61A=="],

    "lefthook-freebsd-x64": ["lefthook-freebsd-x64@2.1.8", "", { "os": "freebsd", "cpu": "x64" }, "sha512-o1AG4CpmgESxLqZWzkXhne+PhLhLFV0GHVAIJCmieOwq4q2+rDYAudGhtot/NrgSpyMCo84qVSQmI8Dgnu1XJw=="],

    "lefthook-linux-arm64": ["lefthook-linux-arm64@2.1.8", "", { "os": "linux", "cpu": "arm64" }, "sha512-er3zTjx2DMxojPJ1LZv0G3ug9Th+mAapqWrt5ZZhQNcXWW28pfvo2fCqBs6Fz14GMn4xassmwOpGovutSh1UtA=="],

    "lefthook-linux-x64": ["lefthook-linux-x64@2.1.8", "", { "os": "linux", "cpu": "x64" }, "sha512-3yGx0VFbPcaKiIir313ETNcyq34CfAwkIU+Ry3WMGDjrsRNuA/YlDxm0BHKLcum7u+rpVfT4Uz6r8gHdaHXolg=="],

    "lefthook-openbsd-arm64": ["lefthook-openbsd-arm64@2.1.8", "", { "os": "openbsd", "cpu": "arm64" }, "sha512-Dq+GJdJdclOwxt4NneTFHjLSA4v8tI7XUZq40KUVtpUQDpZcYhXSdkTytB0uLmD52tbFKt9Kx0VbB6uvxPvLvw=="],

    "lefthook-openbsd-x64": ["lefthook-openbsd-x64@2.1.8", "", { "os": "openbsd", "cpu": "x64" }, "sha512-/Gv2EdlzyiDoK+9fDWIn+EeTgrNeVncQsSeAF47X2Abe5LGxuFjZbBXxEIkY1BU79OQNNLnkx0gFHbrr5mmd9Q=="],

    "lefthook-windows-arm64": ["lefthook-windows-arm64@2.1.8", "", { "os": "win32", "cpu": "arm64" }, "sha512-S+/pBBj/7hMQOl9pLBS4Ut8+U0feQbzmD7iN0ifNth4r/uqW8UFFAHwERbclfsVnni4ceHpt7lFr7sXsu0RU8g=="],

    "lefthook-windows-x64": ["lefthook-windows-x64@2.1.8", "", { "os": "win32", "cpu": "x64" }, "sha512-MpdgKMU/JLLCsEpTqJ9jWlxngSdDh3EknvUHveWePrIms7G11y6R3oZBNRSqZ+zx/PGNl/HKvqEtbwtw8Hz3gw=="],

    "oxfmt": ["oxfmt@0.52.0", "", { "dependencies": { "tinypool": "2.1.0" }, "optionalDependencies": { "@oxfmt/binding-android-arm-eabi": "0.52.0", "@oxfmt/binding-android-arm64": "0.52.0", "@oxfmt/binding-darwin-arm64": "0.52.0", "@oxfmt/binding-darwin-x64": "0.52.0", "@oxfmt/binding-freebsd-x64": "0.52.0", "@oxfmt/binding-linux-arm-gnueabihf": "0.52.0", "@oxfmt/binding-linux-arm-musleabihf": "0.52.0", "@oxfmt/binding-linux-arm64-gnu": "0.52.0", "@oxfmt/binding-linux-arm64-musl": "0.52.0", "@oxfmt/binding-linux-ppc64-gnu": "0.52.0", "@oxfmt/binding-linux-riscv64-gnu": "0.52.0", "@oxfmt/binding-linux-riscv64-musl": "0.52.0", "@oxfmt/binding-linux-s390x-gnu": "0.52.0", "@oxfmt/binding-linux-x64-gnu": "0.52.0", "@oxfmt/binding-linux-x64-musl": "0.52.0", "@oxfmt/binding-openharmony-arm64": "0.52.0", "@oxfmt/binding-win32-arm64-msvc": "0.52.0", "@oxfmt/binding-win32-ia32-msvc": "0.52.0", "@oxfmt/binding-win32-x64-msvc": "0.52.0" }, "peerDependencies": { "svelte": "^5.0.0", "vite-plus": "*" }, "optionalPeers": ["svelte", "vite-plus"], "bin": { "oxfmt": "bin/oxfmt" } }, "sha512-nJlYM35F64zTDMecCNhoHNkf+D/eHv7xcjj9XDSj+bFAVtN93m7v8DQMdHd6nDG6Akf/kEYYHmDUBs2Dz27Sug=="],

    "oxlint": ["oxlint@1.64.0", "", { "optionalDependencies": { "@oxlint/binding-android-arm-eabi": "1.64.0", "@oxlint/binding-android-arm64": "1.64.0", "@oxlint/binding-darwin-arm64": "1.64.0", "@oxlint/binding-darwin-x64": "1.64.0", "@oxlint/binding-freebsd-x64": "1.64.0", "@oxlint/binding-linux-arm-gnueabihf": "1.64.0", "@oxlint/binding-linux-arm-musleabihf": "1.64.0", "@oxlint/binding-linux-arm64-gnu": "1.64.0", "@oxlint/binding-linux-arm64-musl": "1.64.0", "@oxlint/binding-linux-ppc64-gnu": "1.64.0", "@oxlint/binding-linux-riscv64-gnu": "1.64.0", "@oxlint/binding-linux-riscv64-musl": "1.64.0", "@oxlint/binding-linux-s390x-gnu": "1.64.0", "@oxlint/binding-linux-x64-gnu": "1.64.0", "@oxlint/binding-linux-x64-musl": "1.64.0", "@oxlint/binding-openharmony-arm64": "1.64.0", "@oxlint/binding-win32-arm64-msvc": "1.64.0", "@oxlint/binding-win32-ia32-msvc": "1.64.0", "@oxlint/binding-win32-x64-msvc": "1.64.0" }, "peerDependencies": { "oxlint-tsgolint": ">=0.22.1" }, "optionalPeers": ["oxlint-tsgolint"], "bin": { "oxlint": "bin/oxlint" } }, "sha512-Star3SNpWPeWFPw7kRXIhXUSn6fdiAl25q15CQzH/9WaOtG6e9CWTc25vNZOCr4PE1yEP1GtKJKIKglhj3OmEQ=="],

    "tinypool": ["tinypool@2.1.0", "", {}, "sha512-Pugqs6M0m7Lv1I7FtxN4aoyToKg1C4tu+/381vH35y8oENM/Ai7f7C4StcoK4/+BSw9ebcS8jRiVrORFKCALLw=="],
  }
}
